
Microsoft Visual Studio Solution File, Format Version 12.00
# Visual Studio Version 17
VisualStudioVersion = 17.9.34701.34
MinimumVisualStudioVersion = 10.0.40219.1
Project("{FAE04EC0-301F-11D3-BF4B-00C04F79EFBC}") = "Lab01-Q1", "Lab01-Q1\Lab01-Q1.csproj", "{B76F6A3F-F920-4889-98DE-7187FBB77F2F}"
EndProject
Global
	GlobalSection(SolutionConfigurationPlatforms) = preSolution
		Debug|Any CPU = Debug|Any CPU
		Release|Any CPU = Release|Any CPU
	EndGlobalSection
	GlobalSection(ProjectConfigurationPlatforms) = postSolution
		{B76F6A3F-F920-4889-98DE-7187FBB77F2F}.Debug|Any CPU.ActiveCfg = Debug|Any CPU
		{B76F6A3F-F920-4889-98DE-7187FBB77F2F}.Debug|Any CPU.Build.0 = Debug|Any CPU
		{B76F6A3F-F920-4889-98DE-7187FBB77F2F}.Release|Any CPU.ActiveCfg = Release|Any CPU
		{B76F6A3F-F920-4889-98DE-7187FBB77F2F}.Release|Any CPU.Build.0 = Release|Any CPU
	EndGlobalSection
	GlobalSection(SolutionProperties) = preSolution
		HideSolutionNode = FALSE
	EndGlobalSection
	GlobalSection(ExtensibilityGlobals) = postSolution
		SolutionGuid = {8AC3B24B-A01E-4CCC-857E-5F4401126524}
	EndGlobalSection
EndGlobal
