
Microsoft Visual Studio Solution File, Format Version 12.00
# Visual Studio Version 17
VisualStudioVersion = 17.9.34701.34
MinimumVisualStudioVersion = 10.0.40219.1
Project("{FAE04EC0-301F-11D3-BF4B-00C04F79EFBC}") = "Lab01Q3", "Lab01Q3\Lab01Q3.csproj", "{CECC2719-85F8-404B-8E20-18B4797D050B}"
EndProject
Global
	GlobalSection(SolutionConfigurationPlatforms) = preSolution
		Debug|Any CPU = Debug|Any CPU
		Release|Any CPU = Release|Any CPU
	EndGlobalSection
	GlobalSection(ProjectConfigurationPlatforms) = postSolution
		{CECC2719-85F8-404B-8E20-18B4797D050B}.Debug|Any CPU.ActiveCfg = Debug|Any CPU
		{CECC2719-85F8-404B-8E20-18B4797D050B}.Debug|Any CPU.Build.0 = Debug|Any CPU
		{CECC2719-85F8-404B-8E20-18B4797D050B}.Release|Any CPU.ActiveCfg = Release|Any CPU
		{CECC2719-85F8-404B-8E20-18B4797D050B}.Release|Any CPU.Build.0 = Release|Any CPU
	EndGlobalSection
	GlobalSection(SolutionProperties) = preSolution
		HideSolutionNode = FALSE
	EndGlobalSection
	GlobalSection(ExtensibilityGlobals) = postSolution
		SolutionGuid = {BA5816C7-21CA-4FDC-BD8E-22F01DA72BCC}
	EndGlobalSection
EndGlobal
